
Microsoft Visual Studio Solution File, Format Version 12.00
# Visual Studio Version 16
VisualStudioVersion = 16.0.31729.503
MinimumVisualStudioVersion = 10.0.40219.1
Project("{9A19103F-16F7-4668-BE54-9A1E7A4F7556}") = "WebShopProjekt", "WebShopProject\WebShopProjekt.csproj", "{4BC9694E-837B-42DA-BE77-61213838607B}"
EndProject
Project("{9A19103F-16F7-4668-BE54-9A1E7A4F7556}") = "WebShopProjektTests", "WebShopProjektTests\WebShopProjektTests.csproj", "{6A06491E-DD84-4F18-9C72-0365C4766AE6}"
EndProject
Global
	GlobalSection(SolutionConfigurationPlatforms) = preSolution
		Debug|Any CPU = Debug|Any CPU
		Release|Any CPU = Release|Any CPU
	EndGlobalSection
	GlobalSection(ProjectConfigurationPlatforms) = postSolution
		{4BC9694E-837B-42DA-BE77-61213838607B}.Debug|Any CPU.ActiveCfg = Debug|Any CPU
		{4BC9694E-837B-42DA-BE77-61213838607B}.Debug|Any CPU.Build.0 = Debug|Any CPU
		{4BC9694E-837B-42DA-BE77-61213838607B}.Release|Any CPU.ActiveCfg = Release|Any CPU
		{4BC9694E-837B-42DA-BE77-61213838607B}.Release|Any CPU.Build.0 = Release|Any CPU
		{6A06491E-DD84-4F18-9C72-0365C4766AE6}.Debug|Any CPU.ActiveCfg = Debug|Any CPU
		{6A06491E-DD84-4F18-9C72-0365C4766AE6}.Debug|Any CPU.Build.0 = Debug|Any CPU
		{6A06491E-DD84-4F18-9C72-0365C4766AE6}.Release|Any CPU.ActiveCfg = Release|Any CPU
		{6A06491E-DD84-4F18-9C72-0365C4766AE6}.Release|Any CPU.Build.0 = Release|Any CPU
	EndGlobalSection
	GlobalSection(SolutionProperties) = preSolution
		HideSolutionNode = FALSE
	EndGlobalSection
	GlobalSection(ExtensibilityGlobals) = postSolution
		SolutionGuid = {2EB0DB6F-9029-4305-B66A-F7DBC8A03F24}
	EndGlobalSection
EndGlobal
